// !$*UTF8*$!
{
	archiveVersion = 1;
	classes = {
	};
	objectVersion = 77;
	objects = {

/* Begin PBXContainerItemProxy section */
		15548B352D4CC9BF0012D618 /* PBXContainerItemProxy */ = {
			isa = PBXContainerItemProxy;
			containerPortal = 15548B1C2D4CC9BD0012D618 /* Project object */;
			proxyType = 1;
			remoteGlobalIDString = 15548B232D4CC9BD0012D618;
			remoteInfo = BootcampLearning;
		};
		15548B3F2D4CC9BF0012D618 /* PBXContainerItemProxy */ = {
			isa = PBXContainerItemProxy;
			containerPortal = 15548B1C2D4CC9BD0012D618 /* Project object */;
			proxyType = 1;
			remoteGlobalIDString = 15548B232D4CC9BD0012D618;
			remoteInfo = BootcampLearning;
		};
/* End PBXContainerItemProxy section */

/* Begin PBXFileReference section */
		15548B242D4CC9BD0012D618 /* BootcampLearning.app */ = {isa = PBXFileReference; explicitFileType = wrapper.application; includeInIndex = 0; path = BootcampLearning.app; sourceTree = BUILT_PRODUCTS_DIR; };
		15548B342D4CC9BF0012D618 /* BootcampLearningTests.xctest */ = {isa = PBXFileReference; explicitFileType = wrapper.cfbundle; includeInIndex = 0; path = BootcampLearningTests.xctest; sourceTree = BUILT_PRODUCTS_DIR; };
		15548B3E2D4CC9BF0012D618 /* BootcampLearningUITests.xctest */ = {isa = PBXFileReference; explicitFileType = wrapper.cfbundle; includeInIndex = 0; path = BootcampLearningUITests.xctest; sourceTree = BUILT_PRODUCTS_DIR; };
/* End PBXFileReference section */

/* Begin PBXFileSystemSynchronizedRootGroup section */
		15548B262D4CC9BD0012D618 /* BootcampLearning */ = {
			isa = PBXFileSystemSynchronizedRootGroup;
			path = BootcampLearning;
			sourceTree = "<group>";
		};
		15548B372D4CC9BF0012D618 /* BootcampLearningTests */ = {
			isa = PBXFileSystemSynchronizedRootGroup;
			path = BootcampLearningTests;
			sourceTree = "<group>";
		};
		15548B412D4CC9BF0012D618 /* BootcampLearningUITests */ = {
			isa = PBXFileSystemSynchronizedRootGroup;
			path = BootcampLearningUITests;
			sourceTree = "<group>";
		};
/* End PBXFileSystemSynchronizedRootGroup section */

/* Begin PBXFrameworksBuildPhase section */
		15548B212D4CC9BD0012D618 /* Frameworks */ = {
			isa = PBXFrameworksBuildPhase;
			buildActionMask = 2147483647;
			files = (
			);
			runOnlyForDeploymentPostprocessing = 0;
		};
		15548B312D4CC9BF0012D618 /* Frameworks */ = {
			isa = PBXFrameworksBuildPhase;
			buildActionMask = 2147483647;
			files = (
			);
			runOnlyForDeploymentPostprocessing = 0;
		};
		15548B3B2D4CC9BF0012D618 /* Frameworks */ = {
			isa = PBXFrameworksBuildPhase;
			buildActionMask = 2147483647;
			files = (
			);
			runOnlyForDeploymentPostprocessing = 0;
		};
/* End PBXFrameworksBuildPhase section */

/* Begin PBXGroup section */
		15548B1B2D4CC9BD0012D618 = {
			isa = PBXGroup;
			children = (
				15548B262D4CC9BD0012D618 /* BootcampLearning */,
				15548B372D4CC9BF0012D618 /* BootcampLearningTests */,
				15548B412D4CC9BF0012D618 /* BootcampLearningUITests */,
				15548B252D4CC9BD0012D618 /* Products */,
			);
			sourceTree = "<group>";
		};
		15548B252D4CC9BD0012D618 /* Products */ = {
			isa = PBXGroup;
			children = (
				15548B242D4CC9BD0012D618 /* BootcampLearning.app */,
				15548B342D4CC9BF0012D618 /* BootcampLearningTests.xctest */,
				15548B3E2D4CC9BF0012D618 /* BootcampLearningUITests.xctest */,
			);
			name = Products;
			sourceTree = "<group>";
		};
/* End PBXGroup section */

/* Begin PBXNativeTarget section */
		15548B232D4CC9BD0012D618 /* BootcampLearning */ = {
			isa = PBXNativeTarget;
			buildConfigurationList = 15548B482D4CC9BF0012D618 /* Build configuration list for PBXNativeTarget "BootcampLearning" */;
			buildPhases = (
				15548B202D4CC9BD0012D618 /* Sources */,
				15548B212D4CC9BD0012D618 /* Frameworks */,
				15548B222D4CC9BD0012D618 /* Resources */,
			);
			buildRules = (
			);
			dependencies = (
			);
			fileSystemSynchronizedGroups = (
				15548B262D4CC9BD0012D618 /* BootcampLearning */,
			);
			name = BootcampLearning;
			packageProductDependencies = (
			);
			productName = BootcampLearning;
			productReference = 15548B242D4CC9BD0012D618 /* BootcampLearning.app */;
			productType = "com.apple.product-type.application";
		};
		15548B332D4CC9BF0012D618 /* BootcampLearningTests */ = {
			isa = PBXNativeTarget;
			buildConfigurationList = 15548B4B2D4CC9BF0012D618 /* Build configuration list for PBXNativeTarget "BootcampLearningTests" */;
			buildPhases = (
				15548B302D4CC9BF0012D618 /* Sources */,
				15548B312D4CC9BF0012D618 /* Frameworks */,
				15548B322D4CC9BF0012D618 /* Resources */,
			);
			buildRules = (
			);
			dependencies = (
				15548B362D4CC9BF0012D618 /* PBXTargetDependency */,
			);
			fileSystemSynchronizedGroups = (
				15548B372D4CC9BF0012D618 /* BootcampLearningTests */,
			);
			name = BootcampLearningTests;
			packageProductDependencies = (
			);
			productName = BootcampLearningTests;
			productReference = 15548B342D4CC9BF0012D618 /* BootcampLearningTests.xctest */;
			productType = "com.apple.product-type.bundle.unit-test";
		};
		15548B3D2D4CC9BF0012D618 /* BootcampLearningUITests */ = {
			isa = PBXNativeTarget;
			buildConfigurationList = 15548B4E2D4CC9BF0012D618 /* Build configuration list for PBXNativeTarget "BootcampLearningUITests" */;
			buildPhases = (
				15548B3A2D4CC9BF0012D618 /* Sources */,
				15548B3B2D4CC9BF0012D618 /* Frameworks */,
				15548B3C2D4CC9BF0012D618 /* Resources */,
			);
			buildRules = (
			);
			dependencies = (
				15548B402D4CC9BF0012D618 /* PBXTargetDependency */,
			);
			fileSystemSynchronizedGroups = (
				15548B412D4CC9BF0012D618 /* BootcampLearningUITests */,
			);
			name = BootcampLearningUITests;
			packageProductDependencies = (
			);
			productName = BootcampLearningUITests;
			productReference = 15548B3E2D4CC9BF0012D618 /* BootcampLearningUITests.xctest */;
			productType = "com.apple.product-type.bundle.ui-testing";
		};
/* End PBXNativeTarget section */

/* Begin PBXProject section */
		15548B1C2D4CC9BD0012D618 /* Project object */ = {
			isa = PBXProject;
			attributes = {
				BuildIndependentTargetsInParallel = 1;
				LastSwiftUpdateCheck = 1620;
				LastUpgradeCheck = 1620;
				TargetAttributes = {
					15548B232D4CC9BD0012D618 = {
						CreatedOnToolsVersion = 16.2;
					};
					15548B332D4CC9BF0012D618 = {
						CreatedOnToolsVersion = 16.2;
						TestTargetID = 15548B232D4CC9BD0012D618;
					};
					15548B3D2D4CC9BF0012D618 = {
						CreatedOnToolsVersion = 16.2;
						TestTargetID = 15548B232D4CC9BD0012D618;
					};
				};
			};
			buildConfigurationList = 15548B1F2D4CC9BD0012D618 /* Build configuration list for PBXProject "BootcampLearning" */;
			developmentRegion = en;
			hasScannedForEncodings = 0;
			knownRegions = (
				en,
				Base,
			);
			mainGroup = 15548B1B2D4CC9BD0012D618;
			minimizedProjectReferenceProxies = 1;
			preferredProjectObjectVersion = 77;
			productRefGroup = 15548B252D4CC9BD0012D618 /* Products */;
			projectDirPath = "";
			projectRoot = "";
			targets = (
				15548B232D4CC9BD0012D618 /* BootcampLearning */,
				15548B332D4CC9BF0012D618 /* BootcampLearningTests */,
				15548B3D2D4CC9BF0012D618 /* BootcampLearningUITests */,
			);
		};
/* End PBXProject section */

/* Begin PBXResourcesBuildPhase section */
		15548B222D4CC9BD0012D618 /* Resources */ = {
			isa = PBXResourcesBuildPhase;
			buildActionMask = 2147483647;
			files = (
			);
			runOnlyForDeploymentPostprocessing = 0;
		};
		15548B322D4CC9BF0012D618 /* Resources */ = {
			isa = PBXResourcesBuildPhase;
			buildActionMask = 2147483647;
			files = (
			);
			runOnlyForDeploymentPostprocessing = 0;
		};
		15548B3C2D4CC9BF0012D618 /* Resources */ = {
			isa = PBXResourcesBuildPhase;
			buildActionMask = 2147483647;
			files = (
			);
			runOnlyForDeploymentPostprocessing = 0;
		};
/* End PBXResourcesBuildPhase section */

/* Begin PBXSourcesBuildPhase section */
		15548B202D4CC9BD0012D618 /* Sources */ = {
			isa = PBXSourcesBuildPhase;
			buildActionMask = 2147483647;
			files = (
			);
			runOnlyForDeploymentPostprocessing = 0;
		};
		15548B302D4CC9BF0012D618 /* Sources */ = {
			isa = PBXSourcesBuildPhase;
			buildActionMask = 2147483647;
			files = (
			);
			runOnlyForDeploymentPostprocessing = 0;
		};
		15548B3A2D4CC9BF0012D618 /* Sources */ = {
			isa = PBXSourcesBuildPhase;
			buildActionMask = 2147483647;
			files = (
			);
			runOnlyForDeploymentPostprocessing = 0;
		};
/* End PBXSourcesBuildPhase section */

/* Begin PBXTargetDependency section */
		15548B362D4CC9BF0012D618 /* PBXTargetDependency */ = {
			isa = PBXTargetDependency;
			target = 15548B232D4CC9BD0012D618 /* BootcampLearning */;
			targetProxy = 15548B352D4CC9BF0012D618 /* PBXContainerItemProxy */;
		};
		15548B402D4CC9BF0012D618 /* PBXTargetDependency */ = {
			isa = PBXTargetDependency;
			target = 15548B232D4CC9BD0012D618 /* BootcampLearning */;
			targetProxy = 15548B3F2D4CC9BF0012D618 /* PBXContainerItemProxy */;
		};
/* End PBXTargetDependency section */

/* Begin XCBuildConfiguration section */
		15548B462D4CC9BF0012D618 /* Debug */ = {
			isa = XCBuildConfiguration;
			buildSettings = {
				ALWAYS_SEARCH_USER_PATHS = NO;
				ASSETCATALOG_COMPILER_GENERATE_SWIFT_ASSET_SYMBOL_EXTENSIONS = YES;
				CLANG_ANALYZER_NONNULL = YES;
				CLANG_ANALYZER_NUMBER_OBJECT_CONVERSION = YES_AGGRESSIVE;
				CLANG_CXX_LANGUAGE_STANDARD = "gnu++20";
				CLANG_ENABLE_MODULES = YES;
				CLANG_ENABLE_OBJC_ARC = YES;
				CLANG_ENABLE_OBJC_WEAK = YES;
				CLANG_WARN_BLOCK_CAPTURE_AUTORELEASING = YES;
				CLANG_WARN_BOOL_CONVERSION = YES;
				CLANG_WARN_COMMA = YES;
				CLANG_WARN_CONSTANT_CONVERSION = YES;
				CLANG_WARN_DEPRECATED_OBJC_IMPLEMENTATIONS = YES;
				CLANG_WARN_DIRECT_OBJC_ISA_USAGE = YES_ERROR;
				CLANG_WARN_DOCUMENTATION_COMMENTS = YES;
				CLANG_WARN_EMPTY_BODY = YES;
				CLANG_WARN_ENUM_CONVERSION = YES;
				CLANG_WARN_INFINITE_RECURSION = YES;
				CLANG_WARN_INT_CONVERSION = YES;
				CLANG_WARN_NON_LITERAL_NULL_CONVERSION = YES;
				CLANG_WARN_OBJC_IMPLICIT_RETAIN_SELF = YES;
				CLANG_WARN_OBJC_LITERAL_CONVERSION = YES;
				CLANG_WARN_OBJC_ROOT_CLASS = YES_ERROR;
				CLANG_WARN_QUOTED_INCLUDE_IN_FRAMEWORK_HEADER = YES;
				CLANG_WARN_RANGE_LOOP_ANALYSIS = YES;
				CLANG_WARN_STRICT_PROTOTYPES = YES;
				CLANG_WARN_SUSPICIOUS_MOVE = YES;
				CLANG_WARN_UNGUARDED_AVAILABILITY = YES_AGGRESSIVE;
				CLANG_WARN_UNREACHABLE_CODE = YES;
				CLANG_WARN__DUPLICATE_METHOD_MATCH = YES;
				COPY_PHASE_STRIP = NO;
				DEBUG_INFORMATION_FORMAT = dwarf;
				ENABLE_STRICT_OBJC_MSGSEND = YES;
				ENABLE_TESTABILITY = YES;
				ENABLE_USER_SCRIPT_SANDBOXING = YES;
				GCC_C_LANGUAGE_STANDARD = gnu17;
				GCC_DYNAMIC_NO_PIC = NO;
				GCC_NO_COMMON_BLOCKS = YES;
				GCC_OPTIMIZATION_LEVEL = 0;
				GCC_PREPROCESSOR_DEFINITIONS = (
					"DEBUG=1",
					"$(inherited)",
				);
				GCC_WARN_64_TO_32_BIT_CONVERSION = YES;
				GCC_WARN_ABOUT_RETURN_TYPE = YES_ERROR;
				GCC_WARN_UNDECLARED_SELECTOR = YES;
				GCC_WARN_UNINITIALIZED_AUTOS = YES_AGGRESSIVE;
				GCC_WARN_UNUSED_FUNCTION = YES;
				GCC_WARN_UNUSED_VARIABLE = YES;
				IPHONEOS_DEPLOYMENT_TARGET = 18.2;
				LOCALIZATION_PREFERS_STRING_CATALOGS = YES;
				MTL_ENABLE_DEBUG_INFO = INCLUDE_SOURCE;
				MTL_FAST_MATH = YES;
				ONLY_ACTIVE_ARCH = YES;
				SDKROOT = iphoneos;
				SWIFT_ACTIVE_COMPILATION_CONDITIONS = "DEBUG $(inherited)";
				SWIFT_OPTIMIZATION_LEVEL = "-Onone";
			};
			name = Debug;
		};
		15548B472D4CC9BF0012D618 /* Release */ = {
			isa = XCBuildConfiguration;
			buildSettings = {
				ALWAYS_SEARCH_USER_PATHS = NO;
				ASSETCATALOG_COMPILER_GENERATE_SWIFT_ASSET_SYMBOL_EXTENSIONS = YES;
				CLANG_ANALYZER_NONNULL = YES;
				CLANG_ANALYZER_NUMBER_OBJECT_CONVERSION = YES_AGGRESSIVE;
				CLANG_CXX_LANGUAGE_STANDARD = "gnu++20";
				CLANG_ENABLE_MODULES = YES;
				CLANG_ENABLE_OBJC_ARC = YES;
				CLANG_ENABLE_OBJC_WEAK = YES;
				CLANG_WARN_BLOCK_CAPTURE_AUTORELEASING = YES;
				CLANG_WARN_BOOL_CONVERSION = YES;
				CLANG_WARN_COMMA = YES;
				CLANG_WARN_CONSTANT_CONVERSION = YES;
				CLANG_WARN_DEPRECATED_OBJC_IMPLEMENTATIONS = YES;
				CLANG_WARN_DIRECT_OBJC_ISA_USAGE = YES_ERROR;
				CLANG_WARN_DOCUMENTATION_COMMENTS = YES;
				CLANG_WARN_EMPTY_BODY = YES;
				CLANG_WARN_ENUM_CONVERSION = YES;
				CLANG_WARN_INFINITE_RECURSION = YES;
				CLANG_WARN_INT_CONVERSION = YES;
				CLANG_WARN_NON_LITERAL_NULL_CONVERSION = YES;
				CLANG_WARN_OBJC_IMPLICIT_RETAIN_SELF = YES;
				CLANG_WARN_OBJC_LITERAL_CONVERSION = YES;
				CLANG_WARN_OBJC_ROOT_CLASS = YES_ERROR;
				CLANG_WARN_QUOTED_INCLUDE_IN_FRAMEWORK_HEADER = YES;
				CLANG_WARN_RANGE_LOOP_ANALYSIS = YES;
				CLANG_WARN_STRICT_PROTOTYPES = YES;
				CLANG_WARN_SUSPICIOUS_MOVE = YES;
				CLANG_WARN_UNGUARDED_AVAILABILITY = YES_AGGRESSIVE;
				CLANG_WARN_UNREACHABLE_CODE = YES;
				CLANG_WARN__DUPLICATE_METHOD_MATCH = YES;
				COPY_PHASE_STRIP = NO;
				DEBUG_INFORMATION_FORMAT = "dwarf-with-dsym";
				ENABLE_NS_ASSERTIONS = NO;
				ENABLE_STRICT_OBJC_MSGSEND = YES;
				ENABLE_USER_SCRIPT_SANDBOXING = YES;
				GCC_C_LANGUAGE_STANDARD = gnu17;
				GCC_NO_COMMON_BLOCKS = YES;
				GCC_WARN_64_TO_32_BIT_CONVERSION = YES;
				GCC_WARN_ABOUT_RETURN_TYPE = YES_ERROR;
				GCC_WARN_UNDECLARED_SELECTOR = YES;
				GCC_WARN_UNINITIALIZED_AUTOS = YES_AGGRESSIVE;
				GCC_WARN_UNUSED_FUNCTION = YES;
				GCC_WARN_UNUSED_VARIABLE = YES;
				IPHONEOS_DEPLOYMENT_TARGET = 18.2;
				LOCALIZATION_PREFERS_STRING_CATALOGS = YES;
				MTL_ENABLE_DEBUG_INFO = NO;
				MTL_FAST_MATH = YES;
				SDKROOT = iphoneos;
				SWIFT_COMPILATION_MODE = wholemodule;
				VALIDATE_PRODUCT = YES;
			};
			name = Release;
		};
		15548B492D4CC9BF0012D618 /* Debug */ = {
			isa = XCBuildConfiguration;
			buildSettings = {
				ASSETCATALOG_COMPILER_APPICON_NAME = AppIcon;
				ASSETCATALOG_COMPILER_GLOBAL_ACCENT_COLOR_NAME = AccentColor;
				CODE_SIGN_STYLE = Automatic;
				CURRENT_PROJECT_VERSION = 1;
				DEVELOPMENT_ASSET_PATHS = "\"BootcampLearning/Preview Content\"";
				ENABLE_PREVIEWS = YES;
				GENERATE_INFOPLIST_FILE = YES;
				INFOPLIST_KEY_CFBundleDisplayName = Bootcamp;
				INFOPLIST_KEY_UIApplicationSceneManifest_Generation = YES;
				INFOPLIST_KEY_UIApplicationSupportsIndirectInputEvents = YES;
				INFOPLIST_KEY_UILaunchScreen_Generation = YES;
				INFOPLIST_KEY_UISupportedInterfaceOrientations_iPad = "UIInterfaceOrientationPortrait UIInterfaceOrientationPortraitUpsideDown UIInterfaceOrientationLandscapeLeft UIInterfaceOrientationLandscapeRight";
				INFOPLIST_KEY_UISupportedInterfaceOrientations_iPhone = "UIInterfaceOrientationPortrait UIInterfaceOrientationLandscapeLeft UIInterfaceOrientationLandscapeRight";
				LD_RUNPATH_SEARCH_PATHS = (
					"$(inherited)",
					"@executable_path/Frameworks",
				);
				MARKETING_VERSION = 1.0;
				PRODUCT_BUNDLE_IDENTIFIER = my.BootcampLearning;
				PRODUCT_NAME = "$(TARGET_NAME)";
				SWIFT_EMIT_LOC_STRINGS = YES;
				SWIFT_VERSION = 5.0;
				TARGETED_DEVICE_FAMILY = "1,2";
			};
			name = Debug;
		};
		15548B4A2D4CC9BF0012D618 /* Release */ = {
			isa = XCBuildConfiguration;
			buildSettings = {
				ASSETCATALOG_COMPILER_APPICON_NAME = AppIcon;
				ASSETCATALOG_COMPILER_GLOBAL_ACCENT_COLOR_NAME = AccentColor;
				CODE_SIGN_STYLE = Automatic;
				CURRENT_PROJECT_VERSION = 1;
				DEVELOPMENT_ASSET_PATHS = "\"BootcampLearning/Preview Content\"";
				ENABLE_PREVIEWS = YES;
				GENERATE_INFOPLIST_FILE = YES;
				INFOPLIST_KEY_CFBundleDisplayName = Bootcamp;
				INFOPLIST_KEY_UIApplicationSceneManifest_Generation = YES;
				INFOPLIST_KEY_UIApplicationSupportsIndirectInputEvents = YES;
				INFOPLIST_KEY_UILaunchScreen_Generation = YES;
				INFOPLIST_KEY_UISupportedInterfaceOrientations_iPad = "UIInterfaceOrientationPortrait UIInterfaceOrientationPortraitUpsideDown UIInterfaceOrientationLandscapeLeft UIInterfaceOrientationLandscapeRight";
				INFOPLIST_KEY_UISupportedInterfaceOrientations_iPhone = "UIInterfaceOrientationPortrait UIInterfaceOrientationLandscapeLeft UIInterfaceOrientationLandscapeRight";
				LD_RUNPATH_SEARCH_PATHS = (
					"$(inherited)",
					"@executable_path/Frameworks",
				);
				MARKETING_VERSION = 1.0;
				PRODUCT_BUNDLE_IDENTIFIER = my.BootcampLearning;
				PRODUCT_NAME = "$(TARGET_NAME)";
				SWIFT_EMIT_LOC_STRINGS = YES;
				SWIFT_VERSION = 5.0;
				TARGETED_DEVICE_FAMILY = "1,2";
			};
			name = Release;
		};
		15548B4C2D4CC9BF0012D618 /* Debug */ = {
			isa = XCBuildConfiguration;
			buildSettings = {
				BUNDLE_LOADER = "$(TEST_HOST)";
				CODE_SIGN_STYLE = Automatic;
				CURRENT_PROJECT_VERSION = 1;
				GENERATE_INFOPLIST_FILE = YES;
				IPHONEOS_DEPLOYMENT_TARGET = 18.2;
				MARKETING_VERSION = 1.0;
				PRODUCT_BUNDLE_IDENTIFIER = my.BootcampLearningTests;
				PRODUCT_NAME = "$(TARGET_NAME)";
				SWIFT_EMIT_LOC_STRINGS = NO;
				SWIFT_VERSION = 5.0;
				TARGETED_DEVICE_FAMILY = "1,2";
				TEST_HOST = "$(BUILT_PRODUCTS_DIR)/BootcampLearning.app/$(BUNDLE_EXECUTABLE_FOLDER_PATH)/BootcampLearning";
			};
			name = Debug;
		};
		15548B4D2D4CC9BF0012D618 /* Release */ = {
			isa = XCBuildConfiguration;
			buildSettings = {
				BUNDLE_LOADER = "$(TEST_HOST)";
				CODE_SIGN_STYLE = Automatic;
				CURRENT_PROJECT_VERSION = 1;
				GENERATE_INFOPLIST_FILE = YES;
				IPHONEOS_DEPLOYMENT_TARGET = 18.2;
				MARKETING_VERSION = 1.0;
				PRODUCT_BUNDLE_IDENTIFIER = my.BootcampLearningTests;
				PRODUCT_NAME = "$(TARGET_NAME)";
				SWIFT_EMIT_LOC_STRINGS = NO;
				SWIFT_VERSION = 5.0;
				TARGETED_DEVICE_FAMILY = "1,2";
				TEST_HOST = "$(BUILT_PRODUCTS_DIR)/BootcampLearning.app/$(BUNDLE_EXECUTABLE_FOLDER_PATH)/BootcampLearning";
			};
			name = Release;
		};
		15548B4F2D4CC9BF0012D618 /* Debug */ = {
			isa = XCBuildConfiguration;
			buildSettings = {
				CODE_SIGN_STYLE = Automatic;
				CURRENT_PROJECT_VERSION = 1;
				GENERATE_INFOPLIST_FILE = YES;
				MARKETING_VERSION = 1.0;
				PRODUCT_BUNDLE_IDENTIFIER = my.BootcampLearningUITests;
				PRODUCT_NAME = "$(TARGET_NAME)";
				SWIFT_EMIT_LOC_STRINGS = NO;
				SWIFT_VERSION = 5.0;
				TARGETED_DEVICE_FAMILY = "1,2";
				TEST_TARGET_NAME = BootcampLearning;
			};
			name = Debug;
		};
		15548B502D4CC9BF0012D618 /* Release */ = {
			isa = XCBuildConfiguration;
			buildSettings = {
				CODE_SIGN_STYLE = Automatic;
				CURRENT_PROJECT_VERSION = 1;
				GENERATE_INFOPLIST_FILE = YES;
				MARKETING_VERSION = 1.0;
				PRODUCT_BUNDLE_IDENTIFIER = my.BootcampLearningUITests;
				PRODUCT_NAME = "$(TARGET_NAME)";
				SWIFT_EMIT_LOC_STRINGS = NO;
				SWIFT_VERSION = 5.0;
				TARGETED_DEVICE_FAMILY = "1,2";
				TEST_TARGET_NAME = BootcampLearning;
			};
			name = Release;
		};
/* End XCBuildConfiguration section */

/* Begin XCConfigurationList section */
		15548B1F2D4CC9BD0012D618 /* Build configuration list for PBXProject "BootcampLearning" */ = {
			isa = XCConfigurationList;
			buildConfigurations = (
				15548B462D4CC9BF0012D618 /* Debug */,
				15548B472D4CC9BF0012D618 /* Release */,
			);
			defaultConfigurationIsVisible = 0;
			defaultConfigurationName = Release;
		};
		15548B482D4CC9BF0012D618 /* Build configuration list for PBXNativeTarget "BootcampLearning" */ = {
			isa = XCConfigurationList;
			buildConfigurations = (
				15548B492D4CC9BF0012D618 /* Debug */,
				15548B4A2D4CC9BF0012D618 /* Release */,
			);
			defaultConfigurationIsVisible = 0;
			defaultConfigurationName = Release;
		};
		15548B4B2D4CC9BF0012D618 /* Build configuration list for PBXNativeTarget "BootcampLearningTests" */ = {
			isa = XCConfigurationList;
			buildConfigurations = (
				15548B4C2D4CC9BF0012D618 /* Debug */,
				15548B4D2D4CC9BF0012D618 /* Release */,
			);
			defaultConfigurationIsVisible = 0;
			defaultConfigurationName = Release;
		};
		15548B4E2D4CC9BF0012D618 /* Build configuration list for PBXNativeTarget "BootcampLearningUITests" */ = {
			isa = XCConfigurationList;
			buildConfigurations = (
				15548B4F2D4CC9BF0012D618 /* Debug */,
				15548B502D4CC9BF0012D618 /* Release */,
			);
			defaultConfigurationIsVisible = 0;
			defaultConfigurationName = Release;
		};
/* End XCConfigurationList section */
	};
	rootObject = 15548B1C2D4CC9BD0012D618 /* Project object */;
}
